// !$*UTF8*$!
{
	archiveVersion = 1;
	classes = {
	};
	objectVersion = 48;
	objects = {

/* Begin PBXBuildFile section */
		42E811DC02415C411D679C18 /* libPods-Convert This!.a in Frameworks */ = {isa = PBXBuildFile; fileRef = 8C1A52871106C48581651090 /* libPods-Convert This!.a */; };
		D9310925203CB2FF00DAEF18 /* title.png in Resources */ = {isa = PBXBuildFile; fileRef = D9310924203CB2FF00DAEF18 /* title.png */; };
		D9310932203E11BE00DAEF18 /* weightUnitsToKgs.plist in Resources */ = {isa = PBXBuildFile; fileRef = D9310931203E11BE00DAEF18 /* weightUnitsToKgs.plist */; };
		D9310935203E194D00DAEF18 /* ViewController.m in Sources */ = {isa = PBXBuildFile; fileRef = D9310934203E194D00DAEF18 /* ViewController.m */; };
		D931093A203F4C6F00DAEF18 /* distanceUnitsToMetres.plist in Resources */ = {isa = PBXBuildFile; fileRef = D9310939203F4C6F00DAEF18 /* distanceUnitsToMetres.plist */; };
		D931093C203F4F0400DAEF18 /* areaUnitsToSquareMetres.plist in Resources */ = {isa = PBXBuildFile; fileRef = D931093B203F4F0400DAEF18 /* areaUnitsToSquareMetres.plist */; };
		D931093E203F536C00DAEF18 /* volumeUnitsToCubicMetres.plist in Resources */ = {isa = PBXBuildFile; fileRef = D931093D203F536C00DAEF18 /* volumeUnitsToCubicMetres.plist */; };
		D9310940203F971500DAEF18 /* icons8-weight-35.png in Resources */ = {isa = PBXBuildFile; fileRef = D931093F203F971400DAEF18 /* icons8-weight-35.png */; };
		D9310945203F97CC00DAEF18 /* icons8-resize-35.png in Resources */ = {isa = PBXBuildFile; fileRef = D9310941203F97C800DAEF18 /* icons8-resize-35.png */; };
		D9310946203F97CC00DAEF18 /* icons8-ruler-35.png in Resources */ = {isa = PBXBuildFile; fileRef = D9310942203F97C800DAEF18 /* icons8-ruler-35.png */; };
		D9310947203F97CC00DAEF18 /* icons8-temperature-35.png in Resources */ = {isa = PBXBuildFile; fileRef = D9310943203F97CA00DAEF18 /* icons8-temperature-35.png */; };
		D9310948203F97CC00DAEF18 /* icons8-volume-35.png in Resources */ = {isa = PBXBuildFile; fileRef = D9310944203F97CB00DAEF18 /* icons8-volume-35.png */; };
		D934C2ED202749DC00218E51 /* DistanceViewController.m in Sources */ = {isa = PBXBuildFile; fileRef = D934C2EC202749DC00218E51 /* DistanceViewController.m */; };
		D934C2F0202772B600218E51 /* TemperatureViewController.m in Sources */ = {isa = PBXBuildFile; fileRef = D934C2EF202772B600218E51 /* TemperatureViewController.m */; };
		D93810202027AC76002728FB /* AreaViewController.m in Sources */ = {isa = PBXBuildFile; fileRef = D938101F2027AC76002728FB /* AreaViewController.m */; };
		D938102320292102002728FB /* VolumeViewController.m in Sources */ = {isa = PBXBuildFile; fileRef = D938102220292102002728FB /* VolumeViewController.m */; };
		D94B011420211D060017BFA3 /* AppDelegate.m in Sources */ = {isa = PBXBuildFile; fileRef = D94B011320211D060017BFA3 /* AppDelegate.m */; };
		D94B011A20211D060017BFA3 /* Main.storyboard in Resources */ = {isa = PBXBuildFile; fileRef = D94B011820211D060017BFA3 /* Main.storyboard */; };
		D94B011C20211D060017BFA3 /* Assets.xcassets in Resources */ = {isa = PBXBuildFile; fileRef = D94B011B20211D060017BFA3 /* Assets.xcassets */; };
		D94B011F20211D060017BFA3 /* LaunchScreen.storyboard in Resources */ = {isa = PBXBuildFile; fileRef = D94B011D20211D060017BFA3 /* LaunchScreen.storyboard */; };
		D94B012220211D060017BFA3 /* main.m in Sources */ = {isa = PBXBuildFile; fileRef = D94B012120211D060017BFA3 /* main.m */; };
		D99E8F8B20213DD800A50B5F /* WeightViewController.m in Sources */ = {isa = PBXBuildFile; fileRef = D99E8F8A20213DD800A50B5F /* WeightViewController.m */; };
/* End PBXBuildFile section */

/* Begin PBXFileReference section */
		5A243F1379D95FE05B6F637A /* Pods-Convert This!.debug.xcconfig */ = {isa = PBXFileReference; includeInIndex = 1; lastKnownFileType = text.xcconfig; name = "Pods-Convert This!.debug.xcconfig"; path = "Pods/Target Support Files/Pods-Convert This!/Pods-Convert This!.debug.xcconfig"; sourceTree = "<group>"; };
		8C1A52871106C48581651090 /* libPods-Convert This!.a */ = {isa = PBXFileReference; explicitFileType = archive.ar; includeInIndex = 0; path = "libPods-Convert This!.a"; sourceTree = BUILT_PRODUCTS_DIR; };
		94A848663F8F426AD4B307A3 /* Pods-Convert This!.release.xcconfig */ = {isa = PBXFileReference; includeInIndex = 1; lastKnownFileType = text.xcconfig; name = "Pods-Convert This!.release.xcconfig"; path = "Pods/Target Support Files/Pods-Convert This!/Pods-Convert This!.release.xcconfig"; sourceTree = "<group>"; };
		D9310924203CB2FF00DAEF18 /* title.png */ = {isa = PBXFileReference; lastKnownFileType = image.png; path = title.png; sourceTree = "<group>"; };
		D9310931203E11BE00DAEF18 /* weightUnitsToKgs.plist */ = {isa = PBXFileReference; lastKnownFileType = text.plist.xml; path = weightUnitsToKgs.plist; sourceTree = "<group>"; };
		D9310933203E194D00DAEF18 /* ViewController.h */ = {isa = PBXFileReference; lastKnownFileType = sourcecode.c.h; path = ViewController.h; sourceTree = "<group>"; };
		D9310934203E194D00DAEF18 /* ViewController.m */ = {isa = PBXFileReference; lastKnownFileType = sourcecode.c.objc; path = ViewController.m; sourceTree = "<group>"; };
		D9310939203F4C6F00DAEF18 /* distanceUnitsToMetres.plist */ = {isa = PBXFileReference; lastKnownFileType = text.plist.xml; path = distanceUnitsToMetres.plist; sourceTree = "<group>"; };
		D931093B203F4F0400DAEF18 /* areaUnitsToSquareMetres.plist */ = {isa = PBXFileReference; lastKnownFileType = text.plist.xml; path = areaUnitsToSquareMetres.plist; sourceTree = "<group>"; };
		D931093D203F536C00DAEF18 /* volumeUnitsToCubicMetres.plist */ = {isa = PBXFileReference; lastKnownFileType = text.plist.xml; path = volumeUnitsToCubicMetres.plist; sourceTree = "<group>"; };
		D931093F203F971400DAEF18 /* icons8-weight-35.png */ = {isa = PBXFileReference; lastKnownFileType = image.png; path = "icons8-weight-35.png"; sourceTree = "<group>"; };
		D9310941203F97C800DAEF18 /* icons8-resize-35.png */ = {isa = PBXFileReference; lastKnownFileType = image.png; path = "icons8-resize-35.png"; sourceTree = "<group>"; };
		D9310942203F97C800DAEF18 /* icons8-ruler-35.png */ = {isa = PBXFileReference; lastKnownFileType = image.png; path = "icons8-ruler-35.png"; sourceTree = "<group>"; };
		D9310943203F97CA00DAEF18 /* icons8-temperature-35.png */ = {isa = PBXFileReference; lastKnownFileType = image.png; path = "icons8-temperature-35.png"; sourceTree = "<group>"; };
		D9310944203F97CB00DAEF18 /* icons8-volume-35.png */ = {isa = PBXFileReference; lastKnownFileType = image.png; path = "icons8-volume-35.png"; sourceTree = "<group>"; };
		D934C2EB202749DC00218E51 /* DistanceViewController.h */ = {isa = PBXFileReference; lastKnownFileType = sourcecode.c.h; path = DistanceViewController.h; sourceTree = "<group>"; };
		D934C2EC202749DC00218E51 /* DistanceViewController.m */ = {isa = PBXFileReference; lastKnownFileType = sourcecode.c.objc; path = DistanceViewController.m; sourceTree = "<group>"; };
		D934C2EE202772B600218E51 /* TemperatureViewController.h */ = {isa = PBXFileReference; lastKnownFileType = sourcecode.c.h; path = TemperatureViewController.h; sourceTree = "<group>"; };
		D934C2EF202772B600218E51 /* TemperatureViewController.m */ = {isa = PBXFileReference; lastKnownFileType = sourcecode.c.objc; path = TemperatureViewController.m; sourceTree = "<group>"; };
		D938101E2027AC76002728FB /* AreaViewController.h */ = {isa = PBXFileReference; lastKnownFileType = sourcecode.c.h; path = AreaViewController.h; sourceTree = "<group>"; };
		D938101F2027AC76002728FB /* AreaViewController.m */ = {isa = PBXFileReference; lastKnownFileType = sourcecode.c.objc; path = AreaViewController.m; sourceTree = "<group>"; };
		D938102120292102002728FB /* VolumeViewController.h */ = {isa = PBXFileReference; lastKnownFileType = sourcecode.c.h; path = VolumeViewController.h; sourceTree = "<group>"; };
		D938102220292102002728FB /* VolumeViewController.m */ = {isa = PBXFileReference; lastKnownFileType = sourcecode.c.objc; path = VolumeViewController.m; sourceTree = "<group>"; };
		D94B010F20211D060017BFA3 /* Convert This!.app */ = {isa = PBXFileReference; explicitFileType = wrapper.application; includeInIndex = 0; path = "Convert This!.app"; sourceTree = BUILT_PRODUCTS_DIR; };
		D94B011220211D060017BFA3 /* AppDelegate.h */ = {isa = PBXFileReference; lastKnownFileType = sourcecode.c.h; path = AppDelegate.h; sourceTree = "<group>"; };
		D94B011320211D060017BFA3 /* AppDelegate.m */ = {isa = PBXFileReference; lastKnownFileType = sourcecode.c.objc; path = AppDelegate.m; sourceTree = "<group>"; };
		D94B011920211D060017BFA3 /* Base */ = {isa = PBXFileReference; lastKnownFileType = file.storyboard; name = Base; path = Base.lproj/Main.storyboard; sourceTree = "<group>"; };
		D94B011B20211D060017BFA3 /* Assets.xcassets */ = {isa = PBXFileReference; lastKnownFileType = folder.assetcatalog; path = Assets.xcassets; sourceTree = "<group>"; };
		D94B011E20211D060017BFA3 /* Base */ = {isa = PBXFileReference; lastKnownFileType = file.storyboard; name = Base; path = Base.lproj/LaunchScreen.storyboard; sourceTree = "<group>"; };
		D94B012020211D060017BFA3 /* Info.plist */ = {isa = PBXFileReference; lastKnownFileType = text.plist.xml; path = Info.plist; sourceTree = "<group>"; };
		D94B012120211D060017BFA3 /* main.m */ = {isa = PBXFileReference; lastKnownFileType = sourcecode.c.objc; path = main.m; sourceTree = "<group>"; };
		D99E8F8920213DD800A50B5F /* WeightViewController.h */ = {isa = PBXFileReference; lastKnownFileType = sourcecode.c.h; path = WeightViewController.h; sourceTree = "<group>"; };
		D99E8F8A20213DD800A50B5F /* WeightViewController.m */ = {isa = PBXFileReference; lastKnownFileType = sourcecode.c.objc; path = WeightViewController.m; sourceTree = "<group>"; };
/* End PBXFileReference section */

/* Begin PBXFrameworksBuildPhase section */
		D94B010C20211D060017BFA3 /* Frameworks */ = {
			isa = PBXFrameworksBuildPhase;
			buildActionMask = 2147483647;
			files = (
				42E811DC02415C411D679C18 /* libPods-Convert This!.a in Frameworks */,
			);
			runOnlyForDeploymentPostprocessing = 0;
		};
/* End PBXFrameworksBuildPhase section */

/* Begin PBXGroup section */
		D265FDD7A4BE01D2EAD0E333 /* Pods */ = {
			isa = PBXGroup;
			children = (
				5A243F1379D95FE05B6F637A /* Pods-Convert This!.debug.xcconfig */,
				94A848663F8F426AD4B307A3 /* Pods-Convert This!.release.xcconfig */,
			);
			name = Pods;
			sourceTree = "<group>";
		};
		D9310926203CB36900DAEF18 /* images */ = {
			isa = PBXGroup;
			children = (
				D9310941203F97C800DAEF18 /* icons8-resize-35.png */,
				D9310942203F97C800DAEF18 /* icons8-ruler-35.png */,
				D9310943203F97CA00DAEF18 /* icons8-temperature-35.png */,
				D9310944203F97CB00DAEF18 /* icons8-volume-35.png */,
				D931093F203F971400DAEF18 /* icons8-weight-35.png */,
				D9310924203CB2FF00DAEF18 /* title.png */,
			);
			name = images;
			path = "New Group";
			sourceTree = "<group>";
		};
		D94B010620211D060017BFA3 = {
			isa = PBXGroup;
			children = (
				D94B011120211D060017BFA3 /* Convert This! */,
				D94B011020211D060017BFA3 /* Products */,
				D98B379820365084009018CD /* Frameworks */,
				D265FDD7A4BE01D2EAD0E333 /* Pods */,
			);
			sourceTree = "<group>";
		};
		D94B011020211D060017BFA3 /* Products */ = {
			isa = PBXGroup;
			children = (
				D94B010F20211D060017BFA3 /* Convert This!.app */,
			);
			name = Products;
			sourceTree = "<group>";
		};
		D94B011120211D060017BFA3 /* Convert This! */ = {
			isa = PBXGroup;
			children = (
				D9310926203CB36900DAEF18 /* images */,
				D94B011220211D060017BFA3 /* AppDelegate.h */,
				D94B011320211D060017BFA3 /* AppDelegate.m */,
				D94B011820211D060017BFA3 /* Main.storyboard */,
				D938102120292102002728FB /* VolumeViewController.h */,
				D938102220292102002728FB /* VolumeViewController.m */,
				D934C2EB202749DC00218E51 /* DistanceViewController.h */,
				D934C2EC202749DC00218E51 /* DistanceViewController.m */,
				D934C2EE202772B600218E51 /* TemperatureViewController.h */,
				D934C2EF202772B600218E51 /* TemperatureViewController.m */,
				D99E8F8920213DD800A50B5F /* WeightViewController.h */,
				D99E8F8A20213DD800A50B5F /* WeightViewController.m */,
				D938101E2027AC76002728FB /* AreaViewController.h */,
				D938101F2027AC76002728FB /* AreaViewController.m */,
				D94B011B20211D060017BFA3 /* Assets.xcassets */,
				D94B011D20211D060017BFA3 /* LaunchScreen.storyboard */,
				D94B012020211D060017BFA3 /* Info.plist */,
				D9310931203E11BE00DAEF18 /* weightUnitsToKgs.plist */,
				D9310939203F4C6F00DAEF18 /* distanceUnitsToMetres.plist */,
				D931093B203F4F0400DAEF18 /* areaUnitsToSquareMetres.plist */,
				D931093D203F536C00DAEF18 /* volumeUnitsToCubicMetres.plist */,
				D94B012120211D060017BFA3 /* main.m */,
				D9310933203E194D00DAEF18 /* ViewController.h */,
				D9310934203E194D00DAEF18 /* ViewController.m */,
			);
			path = "Convert This!";
			sourceTree = "<group>";
		};
		D98B379820365084009018CD /* Frameworks */ = {
			isa = PBXGroup;
			children = (
				8C1A52871106C48581651090 /* libPods-Convert This!.a */,
			);
			name = Frameworks;
			sourceTree = "<group>";
		};
/* End PBXGroup section */

/* Begin PBXNativeTarget section */
		D94B010E20211D060017BFA3 /* Convert This! */ = {
			isa = PBXNativeTarget;
			buildConfigurationList = D94B012520211D060017BFA3 /* Build configuration list for PBXNativeTarget "Convert This!" */;
			buildPhases = (
				99FB894FE107E236EA3A5BEC /* [CP] Check Pods Manifest.lock */,
				D94B010B20211D060017BFA3 /* Sources */,
				D94B010C20211D060017BFA3 /* Frameworks */,
				D94B010D20211D060017BFA3 /* Resources */,
				12BAC1E1B775CAA11800E2B5 /* [CP] Embed Pods Frameworks */,
				85CDC9AADBBE6DA59407DC54 /* [CP] Copy Pods Resources */,
			);
			buildRules = (
			);
			dependencies = (
			);
			name = "Convert This!";
			productName = "Convert This!";
			productReference = D94B010F20211D060017BFA3 /* Convert This!.app */;
			productType = "com.apple.product-type.application";
		};
/* End PBXNativeTarget section */

/* Begin PBXProject section */
		D94B010720211D060017BFA3 /* Project object */ = {
			isa = PBXProject;
			attributes = {
				LastUpgradeCheck = 0900;
				ORGANIZATIONNAME = "Paul Kenrick";
				TargetAttributes = {
					D94B010E20211D060017BFA3 = {
						CreatedOnToolsVersion = 9.0;
						ProvisioningStyle = Manual;
					};
				};
			};
			buildConfigurationList = D94B010A20211D060017BFA3 /* Build configuration list for PBXProject "Convert This!" */;
			compatibilityVersion = "Xcode 8.0";
			developmentRegion = en;
			hasScannedForEncodings = 0;
			knownRegions = (
				en,
				Base,
			);
			mainGroup = D94B010620211D060017BFA3;
			productRefGroup = D94B011020211D060017BFA3 /* Products */;
			projectDirPath = "";
			projectRoot = "";
			targets = (
				D94B010E20211D060017BFA3 /* Convert This! */,
			);
		};
/* End PBXProject section */

/* Begin PBXResourcesBuildPhase section */
		D94B010D20211D060017BFA3 /* Resources */ = {
			isa = PBXResourcesBuildPhase;
			buildActionMask = 2147483647;
			files = (
				D931093C203F4F0400DAEF18 /* areaUnitsToSquareMetres.plist in Resources */,
				D931093E203F536C00DAEF18 /* volumeUnitsToCubicMetres.plist in Resources */,
				D9310947203F97CC00DAEF18 /* icons8-temperature-35.png in Resources */,
				D9310932203E11BE00DAEF18 /* weightUnitsToKgs.plist in Resources */,
				D94B011F20211D060017BFA3 /* LaunchScreen.storyboard in Resources */,
				D9310946203F97CC00DAEF18 /* icons8-ruler-35.png in Resources */,
				D94B011C20211D060017BFA3 /* Assets.xcassets in Resources */,
				D9310925203CB2FF00DAEF18 /* title.png in Resources */,
				D94B011A20211D060017BFA3 /* Main.storyboard in Resources */,
				D9310945203F97CC00DAEF18 /* icons8-resize-35.png in Resources */,
				D931093A203F4C6F00DAEF18 /* distanceUnitsToMetres.plist in Resources */,
				D9310948203F97CC00DAEF18 /* icons8-volume-35.png in Resources */,
				D9310940203F971500DAEF18 /* icons8-weight-35.png in Resources */,
			);
			runOnlyForDeploymentPostprocessing = 0;
		};
/* End PBXResourcesBuildPhase section */

/* Begin PBXShellScriptBuildPhase section */
		12BAC1E1B775CAA11800E2B5 /* [CP] Embed Pods Frameworks */ = {
			isa = PBXShellScriptBuildPhase;
			buildActionMask = 2147483647;
			files = (
			);
			inputPaths = (
			);
			name = "[CP] Embed Pods Frameworks";
			outputPaths = (
			);
			runOnlyForDeploymentPostprocessing = 0;
			shellPath = /bin/sh;
			shellScript = "\"${SRCROOT}/Pods/Target Support Files/Pods-Convert This!/Pods-Convert This!-frameworks.sh\"\n";
			showEnvVarsInLog = 0;
		};
		85CDC9AADBBE6DA59407DC54 /* [CP] Copy Pods Resources */ = {
			isa = PBXShellScriptBuildPhase;
			buildActionMask = 2147483647;
			files = (
			);
			inputPaths = (
			);
			name = "[CP] Copy Pods Resources";
			outputPaths = (
			);
			runOnlyForDeploymentPostprocessing = 0;
			shellPath = /bin/sh;
			shellScript = "\"${SRCROOT}/Pods/Target Support Files/Pods-Convert This!/Pods-Convert This!-resources.sh\"\n";
			showEnvVarsInLog = 0;
		};
		99FB894FE107E236EA3A5BEC /* [CP] Check Pods Manifest.lock */ = {
			isa = PBXShellScriptBuildPhase;
			buildActionMask = 2147483647;
			files = (
			);
			inputPaths = (
				"${PODS_PODFILE_DIR_PATH}/Podfile.lock",
				"${PODS_ROOT}/Manifest.lock",
			);
			name = "[CP] Check Pods Manifest.lock";
			outputPaths = (
				"$(DERIVED_FILE_DIR)/Pods-Convert This!-checkManifestLockResult.txt",
			);
			runOnlyForDeploymentPostprocessing = 0;
			shellPath = /bin/sh;
			shellScript = "diff \"${PODS_PODFILE_DIR_PATH}/Podfile.lock\" \"${PODS_ROOT}/Manifest.lock\" > /dev/null\nif [ $? != 0 ] ; then\n    # print error to STDERR\n    echo \"error: The sandbox is not in sync with the Podfile.lock. Run 'pod install' or update your CocoaPods installation.\" >&2\n    exit 1\nfi\n# This output is used by Xcode 'outputs' to avoid re-running this script phase.\necho \"SUCCESS\" > \"${SCRIPT_OUTPUT_FILE_0}\"\n";
			showEnvVarsInLog = 0;
		};
/* End PBXShellScriptBuildPhase section */

/* Begin PBXSourcesBuildPhase section */
		D94B010B20211D060017BFA3 /* Sources */ = {
			isa = PBXSourcesBuildPhase;
			buildActionMask = 2147483647;
			files = (
				D938102320292102002728FB /* VolumeViewController.m in Sources */,
				D99E8F8B20213DD800A50B5F /* WeightViewController.m in Sources */,
				D9310935203E194D00DAEF18 /* ViewController.m in Sources */,
				D934C2ED202749DC00218E51 /* DistanceViewController.m in Sources */,
				D934C2F0202772B600218E51 /* TemperatureViewController.m in Sources */,
				D94B012220211D060017BFA3 /* main.m in Sources */,
				D93810202027AC76002728FB /* AreaViewController.m in Sources */,
				D94B011420211D060017BFA3 /* AppDelegate.m in Sources */,
			);
			runOnlyForDeploymentPostprocessing = 0;
		};
/* End PBXSourcesBuildPhase section */

/* Begin PBXVariantGroup section */
		D94B011820211D060017BFA3 /* Main.storyboard */ = {
			isa = PBXVariantGroup;
			children = (
				D94B011920211D060017BFA3 /* Base */,
			);
			name = Main.storyboard;
			sourceTree = "<group>";
		};
		D94B011D20211D060017BFA3 /* LaunchScreen.storyboard */ = {
			isa = PBXVariantGroup;
			children = (
				D94B011E20211D060017BFA3 /* Base */,
			);
			name = LaunchScreen.storyboard;
			sourceTree = "<group>";
		};
/* End PBXVariantGroup section */

/* Begin XCBuildConfiguration section */
		D94B012320211D060017BFA3 /* Debug */ = {
			isa = XCBuildConfiguration;
			buildSettings = {
				ALWAYS_SEARCH_USER_PATHS = NO;
				CLANG_ANALYZER_NONNULL = YES;
				CLANG_ANALYZER_NUMBER_OBJECT_CONVERSION = YES_AGGRESSIVE;
				CLANG_CXX_LANGUAGE_STANDARD = "gnu++14";
				CLANG_CXX_LIBRARY = "libc++";
				CLANG_ENABLE_MODULES = YES;
				CLANG_ENABLE_OBJC_ARC = YES;
				CLANG_WARN_BLOCK_CAPTURE_AUTORELEASING = YES;
				CLANG_WARN_BOOL_CONVERSION = YES;
				CLANG_WARN_COMMA = YES;
				CLANG_WARN_CONSTANT_CONVERSION = YES;
				CLANG_WARN_DIRECT_OBJC_ISA_USAGE = YES_ERROR;
				CLANG_WARN_DOCUMENTATION_COMMENTS = YES;
				CLANG_WARN_EMPTY_BODY = YES;
				CLANG_WARN_ENUM_CONVERSION = YES;
				CLANG_WARN_INFINITE_RECURSION = YES;
				CLANG_WARN_INT_CONVERSION = YES;
				CLANG_WARN_NON_LITERAL_NULL_CONVERSION = YES;
				CLANG_WARN_OBJC_LITERAL_CONVERSION = YES;
				CLANG_WARN_OBJC_ROOT_CLASS = YES_ERROR;
				CLANG_WARN_RANGE_LOOP_ANALYSIS = YES;
				CLANG_WARN_STRICT_PROTOTYPES = YES;
				CLANG_WARN_SUSPICIOUS_MOVE = YES;
				CLANG_WARN_UNGUARDED_AVAILABILITY = YES_AGGRESSIVE;
				CLANG_WARN_UNREACHABLE_CODE = YES;
				CLANG_WARN__DUPLICATE_METHOD_MATCH = YES;
				CODE_SIGN_IDENTITY = "iPhone Developer";
				COPY_PHASE_STRIP = NO;
				DEBUG_INFORMATION_FORMAT = dwarf;
				ENABLE_STRICT_OBJC_MSGSEND = YES;
				ENABLE_TESTABILITY = YES;
				GCC_C_LANGUAGE_STANDARD = gnu11;
				GCC_DYNAMIC_NO_PIC = NO;
				GCC_NO_COMMON_BLOCKS = YES;
				GCC_OPTIMIZATION_LEVEL = 0;
				GCC_PREPROCESSOR_DEFINITIONS = (
					"DEBUG=1",
					"$(inherited)",
				);
				GCC_WARN_64_TO_32_BIT_CONVERSION = YES;
				GCC_WARN_ABOUT_RETURN_TYPE = YES_ERROR;
				GCC_WARN_UNDECLARED_SELECTOR = YES;
				GCC_WARN_UNINITIALIZED_AUTOS = YES_AGGRESSIVE;
				GCC_WARN_UNUSED_FUNCTION = YES;
				GCC_WARN_UNUSED_VARIABLE = YES;
				IPHONEOS_DEPLOYMENT_TARGET = 11.0;
				MTL_ENABLE_DEBUG_INFO = YES;
				ONLY_ACTIVE_ARCH = YES;
				SDKROOT = iphoneos;
			};
			name = Debug;
		};
		D94B012420211D060017BFA3 /* Release */ = {
			isa = XCBuildConfiguration;
			buildSettings = {
				ALWAYS_SEARCH_USER_PATHS = NO;
				CLANG_ANALYZER_NONNULL = YES;
				CLANG_ANALYZER_NUMBER_OBJECT_CONVERSION = YES_AGGRESSIVE;
				CLANG_CXX_LANGUAGE_STANDARD = "gnu++14";
				CLANG_CXX_LIBRARY = "libc++";
				CLANG_ENABLE_MODULES = YES;
				CLANG_ENABLE_OBJC_ARC = YES;
				CLANG_WARN_BLOCK_CAPTURE_AUTORELEASING = YES;
				CLANG_WARN_BOOL_CONVERSION = YES;
				CLANG_WARN_COMMA = YES;
				CLANG_WARN_CONSTANT_CONVERSION = YES;
				CLANG_WARN_DIRECT_OBJC_ISA_USAGE = YES_ERROR;
				CLANG_WARN_DOCUMENTATION_COMMENTS = YES;
				CLANG_WARN_EMPTY_BODY = YES;
				CLANG_WARN_ENUM_CONVERSION = YES;
				CLANG_WARN_INFINITE_RECURSION = YES;
				CLANG_WARN_INT_CONVERSION = YES;
				CLANG_WARN_NON_LITERAL_NULL_CONVERSION = YES;
				CLANG_WARN_OBJC_LITERAL_CONVERSION = YES;
				CLANG_WARN_OBJC_ROOT_CLASS = YES_ERROR;
				CLANG_WARN_RANGE_LOOP_ANALYSIS = YES;
				CLANG_WARN_STRICT_PROTOTYPES = YES;
				CLANG_WARN_SUSPICIOUS_MOVE = YES;
				CLANG_WARN_UNGUARDED_AVAILABILITY = YES_AGGRESSIVE;
				CLANG_WARN_UNREACHABLE_CODE = YES;
				CLANG_WARN__DUPLICATE_METHOD_MATCH = YES;
				CODE_SIGN_IDENTITY = "iPhone Developer";
				COPY_PHASE_STRIP = NO;
				DEBUG_INFORMATION_FORMAT = "dwarf-with-dsym";
				ENABLE_NS_ASSERTIONS = NO;
				ENABLE_STRICT_OBJC_MSGSEND = YES;
				GCC_C_LANGUAGE_STANDARD = gnu11;
				GCC_NO_COMMON_BLOCKS = YES;
				GCC_WARN_64_TO_32_BIT_CONVERSION = YES;
				GCC_WARN_ABOUT_RETURN_TYPE = YES_ERROR;
				GCC_WARN_UNDECLARED_SELECTOR = YES;
				GCC_WARN_UNINITIALIZED_AUTOS = YES_AGGRESSIVE;
				GCC_WARN_UNUSED_FUNCTION = YES;
				GCC_WARN_UNUSED_VARIABLE = YES;
				IPHONEOS_DEPLOYMENT_TARGET = 11.0;
				MTL_ENABLE_DEBUG_INFO = NO;
				SDKROOT = iphoneos;
				VALIDATE_PRODUCT = YES;
			};
			name = Release;
		};
		D94B012620211D060017BFA3 /* Debug */ = {
			isa = XCBuildConfiguration;
			baseConfigurationReference = 5A243F1379D95FE05B6F637A /* Pods-Convert This!.debug.xcconfig */;
			buildSettings = {
				ASSETCATALOG_COMPILER_APPICON_NAME = AppIcon;
				"CODE_SIGN_IDENTITY[sdk=iphoneos*]" = "iPhone Developer";
				CODE_SIGN_STYLE = Manual;
				DEVELOPMENT_TEAM = 35HCKJ2CRR;
				FRAMEWORK_SEARCH_PATHS = (
					"$(inherited)",
					"$(PROJECT_DIR)/Convert\\ This!",
					"$(PROJECT_DIR)/Convert\\ This!",
					"$(PROJECT_DIR)/Convert\\ This!",
					"$(PROJECT_DIR)",
				);
				INFOPLIST_FILE = "Convert This!/Info.plist";
				LD_RUNPATH_SEARCH_PATHS = "$(inherited) @executable_path/Frameworks";
				PRODUCT_BUNDLE_IDENTIFIER = com.pkenrick.convertthis;
				PRODUCT_NAME = "$(TARGET_NAME)";
				PROVISIONING_PROFILE = "9d69c896-5065-4435-bc11-6f9daac6bbc4";
				PROVISIONING_PROFILE_SPECIFIER = firstprofile;
				TARGETED_DEVICE_FAMILY = 1;
			};
			name = Debug;
		};
		D94B012720211D060017BFA3 /* Release */ = {
			isa = XCBuildConfiguration;
			baseConfigurationReference = 94A848663F8F426AD4B307A3 /* Pods-Convert This!.release.xcconfig */;
			buildSettings = {
				ASSETCATALOG_COMPILER_APPICON_NAME = AppIcon;
				"CODE_SIGN_IDENTITY[sdk=iphoneos*]" = "iPhone Distribution";
				CODE_SIGN_STYLE = Manual;
				DEVELOPMENT_TEAM = 35HCKJ2CRR;
				FRAMEWORK_SEARCH_PATHS = (
					"$(inherited)",
					"$(PROJECT_DIR)/Convert\\ This!",
					"$(PROJECT_DIR)/Convert\\ This!",
					"$(PROJECT_DIR)/Convert\\ This!",
					"$(PROJECT_DIR)",
				);
				INFOPLIST_FILE = "Convert This!/Info.plist";
				LD_RUNPATH_SEARCH_PATHS = "$(inherited) @executable_path/Frameworks";
				PRODUCT_BUNDLE_IDENTIFIER = com.pkenrick.convertthis;
				PRODUCT_NAME = "$(TARGET_NAME)";
				PROVISIONING_PROFILE = "14c418dd-11ea-4081-8da4-0f3aa1d82601";
				PROVISIONING_PROFILE_SPECIFIER = ConvertThisProfile;
				TARGETED_DEVICE_FAMILY = 1;
			};
			name = Release;
		};
/* End XCBuildConfiguration section */

/* Begin XCConfigurationList section */
		D94B010A20211D060017BFA3 /* Build configuration list for PBXProject "Convert This!" */ = {
			isa = XCConfigurationList;
			buildConfigurations = (
				D94B012320211D060017BFA3 /* Debug */,
				D94B012420211D060017BFA3 /* Release */,
			);
			defaultConfigurationIsVisible = 0;
			defaultConfigurationName = Release;
		};
		D94B012520211D060017BFA3 /* Build configuration list for PBXNativeTarget "Convert This!" */ = {
			isa = XCConfigurationList;
			buildConfigurations = (
				D94B012620211D060017BFA3 /* Debug */,
				D94B012720211D060017BFA3 /* Release */,
			);
			defaultConfigurationIsVisible = 0;
			defaultConfigurationName = Release;
		};
/* End XCConfigurationList section */
	};
	rootObject = D94B010720211D060017BFA3 /* Project object */;
}
